
Microsoft Visual Studio Solution File, Format Version 12.00
# Visual Studio Version 16
VisualStudioVersion = 16.0.32407.337
MinimumVisualStudioVersion = 10.0.40219.1
Project("{9A19103F-16F7-4668-BE54-9A1E7A4F7556}") = "StackQueueAnimalShelter", "StackQueueAnimalShelter\StackQueueAnimalShelter.csproj", "{C11CAFBC-68E5-42DF-BDE0-498FF9C1271F}"
EndProject
Global
	GlobalSection(SolutionConfigurationPlatforms) = preSolution
		Debug|Any CPU = Debug|Any CPU
		Release|Any CPU = Release|Any CPU
	EndGlobalSection
	GlobalSection(ProjectConfigurationPlatforms) = postSolution
		{C11CAFBC-68E5-42DF-BDE0-498FF9C1271F}.Debug|Any CPU.ActiveCfg = Debug|Any CPU
		{C11CAFBC-68E5-42DF-BDE0-498FF9C1271F}.Debug|Any CPU.Build.0 = Debug|Any CPU
		{C11CAFBC-68E5-42DF-BDE0-498FF9C1271F}.Release|Any CPU.ActiveCfg = Release|Any CPU
		{C11CAFBC-68E5-42DF-BDE0-498FF9C1271F}.Release|Any CPU.Build.0 = Release|Any CPU
	EndGlobalSection
	GlobalSection(SolutionProperties) = preSolution
		HideSolutionNode = FALSE
	EndGlobalSection
	GlobalSection(ExtensibilityGlobals) = postSolution
		SolutionGuid = {B40717A0-D794-4955-AA29-B4BC971BCA43}
	EndGlobalSection
EndGlobal
