
Microsoft Visual Studio Solution File, Format Version 12.00
# Visual Studio Version 16
VisualStudioVersion = 16.0.32407.337
MinimumVisualStudioVersion = 10.0.40219.1
Project("{FAE04EC0-301F-11D3-BF4B-00C04F79EFBC}") = "Multi-bracket-Validation.", "..\Multi-bracket-Validation\Multi-bracket-Validation\Multi-bracket-Validation..csproj", "{41489223-0A7A-48D6-85C6-62DA135A721A}"
EndProject
Project("{FAE04EC0-301F-11D3-BF4B-00C04F79EFBC}") = "TestProject1", "..\Multi-bracket-Validation\TestProject1\TestProject1.csproj", "{4B59FE7C-4BF2-4FC0-B440-576B0BAFA310}"
EndProject
Global
	GlobalSection(SolutionConfigurationPlatforms) = preSolution
		Debug|Any CPU = Debug|Any CPU
		Release|Any CPU = Release|Any CPU
	EndGlobalSection
	GlobalSection(ProjectConfigurationPlatforms) = postSolution
		{41489223-0A7A-48D6-85C6-62DA135A721A}.Debug|Any CPU.ActiveCfg = Debug|Any CPU
		{41489223-0A7A-48D6-85C6-62DA135A721A}.Debug|Any CPU.Build.0 = Debug|Any CPU
		{41489223-0A7A-48D6-85C6-62DA135A721A}.Release|Any CPU.ActiveCfg = Release|Any CPU
		{41489223-0A7A-48D6-85C6-62DA135A721A}.Release|Any CPU.Build.0 = Release|Any CPU
		{4B59FE7C-4BF2-4FC0-B440-576B0BAFA310}.Debug|Any CPU.ActiveCfg = Debug|Any CPU
		{4B59FE7C-4BF2-4FC0-B440-576B0BAFA310}.Debug|Any CPU.Build.0 = Debug|Any CPU
		{4B59FE7C-4BF2-4FC0-B440-576B0BAFA310}.Release|Any CPU.ActiveCfg = Release|Any CPU
		{4B59FE7C-4BF2-4FC0-B440-576B0BAFA310}.Release|Any CPU.Build.0 = Release|Any CPU
	EndGlobalSection
	GlobalSection(SolutionProperties) = preSolution
		HideSolutionNode = FALSE
	EndGlobalSection
	GlobalSection(ExtensibilityGlobals) = postSolution
		SolutionGuid = {85FBCE20-059F-4C5C-9822-785EB60B49E6}
	EndGlobalSection
EndGlobal
